
Microsoft Visual Studio Solution File, Format Version 12.00
# Visual Studio 15
VisualStudioVersion = 15.0.28307.329
MinimumVisualStudioVersion = 10.0.40219.1
Project("{FAE04EC0-301F-11D3-BF4B-00C04F79EFBC}") = "WindowsFormsApp18", "WindowsFormsApp18\WindowsFormsApp18.csproj", "{223E2992-194F-45DA-8CF3-4CA173306158}"
EndProject
Global
	GlobalSection(SolutionConfigurationPlatforms) = preSolution
		Debug|Any CPU = Debug|Any CPU
		Release|Any CPU = Release|Any CPU
	EndGlobalSection
	GlobalSection(ProjectConfigurationPlatforms) = postSolution
		{223E2992-194F-45DA-8CF3-4CA173306158}.Debug|Any CPU.ActiveCfg = Debug|Any CPU
		{223E2992-194F-45DA-8CF3-4CA173306158}.Debug|Any CPU.Build.0 = Debug|Any CPU
		{223E2992-194F-45DA-8CF3-4CA173306158}.Release|Any CPU.ActiveCfg = Release|Any CPU
		{223E2992-194F-45DA-8CF3-4CA173306158}.Release|Any CPU.Build.0 = Release|Any CPU
	EndGlobalSection
	GlobalSection(SolutionProperties) = preSolution
		HideSolutionNode = FALSE
	EndGlobalSection
	GlobalSection(ExtensibilityGlobals) = postSolution
		SolutionGuid = {FBAB5675-8387-4C08-9AA7-1665D0211187}
	EndGlobalSection
EndGlobal
